
Microsoft Visual Studio Solution File, Format Version 12.00
# Visual Studio Version 17
VisualStudioVersion = 17.0.31912.275
MinimumVisualStudioVersion = 10.0.40219.1
Project("{FAE04EC0-301F-11D3-BF4B-00C04F79EFBC}") = "Object_Oriented_Programs", "Object_Oriented_Programs\Object_Oriented_Programs.csproj", "{8BF56C7E-F1EB-44DE-A8AD-2B9A9A60A7E4}"
EndProject
Global
	GlobalSection(SolutionConfigurationPlatforms) = preSolution
		Debug|Any CPU = Debug|Any CPU
		Release|Any CPU = Release|Any CPU
	EndGlobalSection
	GlobalSection(ProjectConfigurationPlatforms) = postSolution
		{8BF56C7E-F1EB-44DE-A8AD-2B9A9A60A7E4}.Debug|Any CPU.ActiveCfg = Debug|Any CPU
		{8BF56C7E-F1EB-44DE-A8AD-2B9A9A60A7E4}.Debug|Any CPU.Build.0 = Debug|Any CPU
		{8BF56C7E-F1EB-44DE-A8AD-2B9A9A60A7E4}.Release|Any CPU.ActiveCfg = Release|Any CPU
		{8BF56C7E-F1EB-44DE-A8AD-2B9A9A60A7E4}.Release|Any CPU.Build.0 = Release|Any CPU
	EndGlobalSection
	GlobalSection(SolutionProperties) = preSolution
		HideSolutionNode = FALSE
	EndGlobalSection
	GlobalSection(ExtensibilityGlobals) = postSolution
		SolutionGuid = {5EC28FA1-563B-4E36-BF39-D016086DBB64}
	EndGlobalSection
EndGlobal
